{
  "name": "jslogger",
  "version": "1.0.0",
  "lockfileVersion": 3,
  "requires": true,
  "packages": {
    "": {
      "name": "jslogger",
      "version": "1.0.0",
      "license": "MIT",
      "dependencies": {
        "eval": "0.1.0",
        "minimist": "^1.2.0",
        "source-map": "^0.5.6",
        "typescript": "1.4",
        "underscore": "^1.8.3"
      }
    },
    "node_modules/eval": {
      "version": "0.1.0",
      "resolved": "https://registry.npmjs.org/eval/-/eval-0.1.0.tgz",
      "integrity": "sha512-FuXRIp7WHKDv9rLWS83Pw3/vf1mKlZRv70i/+UXH1iZRCjTRRET+oidBYs1p8qE1noffyQaIvdbCaltv4R5t1g==",
      "dependencies": {
        "require-like": ">= 0.1.1"
      },
      "engines": {
        "node": ">= 0.8"
      }
    },
    "node_modules/minimist": {
      "version": "1.2.8",
      "resolved": "https://registry.npmjs.org/minimist/-/minimist-1.2.8.tgz",
      "integrity": "sha512-2yyAR8qBkN3YuheJanUpWC5U3bb5osDywNB8RzDVlDwDHbocAJveqqj1u8+SVD7jkWT4yvsHCpWqqWqAxb0zCA==",
      "license": "MIT",
      "funding": {
        "url": "https://github.com/sponsors/ljharb"
      }
    },
    "node_modules/require-like": {
      "version": "0.1.2",
      "resolved": "https://registry.npmjs.org/require-like/-/require-like-0.1.2.tgz",
      "integrity": "sha512-oyrU88skkMtDdauHDuKVrgR+zuItqr6/c//FXzvmxRGMexSDc6hNvJInGW3LL46n+8b50RykrvwSUIIQH2LQ5A==",
      "engines": {
        "node": "*"
      }
    },
    "node_modules/source-map": {
      "version": "0.5.7",
      "resolved": "https://registry.npmjs.org/source-map/-/source-map-0.5.7.tgz",
      "integrity": "sha512-LbrmJOMUSdEVxIKvdcJzQC+nQhe8FUZQTXQy6+I75skNgn3OoQ0DZA8YnFa7gp8tqtL3KPf1kmo0R5DoApeSGQ==",
      "license": "BSD-3-Clause",
      "engines": {
        "node": ">=0.10.0"
      }
    },
    "node_modules/typescript": {
      "version": "1.4.1",
      "resolved": "https://registry.npmjs.org/typescript/-/typescript-1.4.1.tgz",
      "integrity": "sha512-ZmFU3h/TzPofFlcMe8stHEBdrC/U0Mzs+s91OXEFKLMjjfPM1v/udHkvR0A4FLyjELdtRR8fgmjB/GeKBbW6UA==",
      "bin": {
        "tsc": "bin/tsc"
      },
      "engines": {
        "node": ">=0.8.0"
      }
    },
    "node_modules/underscore": {
      "version": "1.13.7",
      "resolved": "https://registry.npmjs.org/underscore/-/underscore-1.13.7.tgz",
      "integrity": "sha512-GMXzWtsc57XAtguZgaQViUOzs0KTkk8ojr3/xAxXLITqf/3EMwxC0inyETfDFjH/Krbhuep0HNbbjI9i/q3F3g==",
      "license": "MIT"
    }
  }
}
